// !$*UTF8*$!
{
	archiveVersion = 1;
	classes = {
	};
	objectVersion = 50;
	objects = {

/* Begin PBXBuildFile section */
		124308B3706A758BEC58A3D7 /* Pods_ParseChatUITests.framework in Frameworks */ = {isa = PBXBuildFile; fileRef = 587D71E54A8D94DF380B323A /* Pods_ParseChatUITests.framework */; };
		3B88A6B6BE5F3A85FCCD9A9F /* Pods_ParseChat.framework in Frameworks */ = {isa = PBXBuildFile; fileRef = 19019C3903C81C3A367A094D /* Pods_ParseChat.framework */; };
		DB0186392163280D00A2FFFC /* LoginViewController.swift in Sources */ = {isa = PBXBuildFile; fileRef = DB0186382163280D00A2FFFC /* LoginViewController.swift */; };
		DB0B9CF32163260600FC7C85 /* AppDelegate.swift in Sources */ = {isa = PBXBuildFile; fileRef = DB0B9CF22163260600FC7C85 /* AppDelegate.swift */; };
		DB0B9CF52163260600FC7C85 /* ViewController.swift in Sources */ = {isa = PBXBuildFile; fileRef = DB0B9CF42163260600FC7C85 /* ViewController.swift */; };
		DB0B9CF82163260600FC7C85 /* Main.storyboard in Resources */ = {isa = PBXBuildFile; fileRef = DB0B9CF62163260600FC7C85 /* Main.storyboard */; };
		DB0B9CFA2163260700FC7C85 /* Assets.xcassets in Resources */ = {isa = PBXBuildFile; fileRef = DB0B9CF92163260700FC7C85 /* Assets.xcassets */; };
		DB0B9CFD2163260700FC7C85 /* LaunchScreen.storyboard in Resources */ = {isa = PBXBuildFile; fileRef = DB0B9CFB2163260700FC7C85 /* LaunchScreen.storyboard */; };
		DB0B9D082163260700FC7C85 /* ParseChatTests.swift in Sources */ = {isa = PBXBuildFile; fileRef = DB0B9D072163260700FC7C85 /* ParseChatTests.swift */; };
		DB0B9D132163260700FC7C85 /* ParseChatUITests.swift in Sources */ = {isa = PBXBuildFile; fileRef = DB0B9D122163260700FC7C85 /* ParseChatUITests.swift */; };
		E3DB92422EF4782603F4C285 /* Pods_ParseChatTests.framework in Frameworks */ = {isa = PBXBuildFile; fileRef = 446AAADDE09590ED93A709A7 /* Pods_ParseChatTests.framework */; };
/* End PBXBuildFile section */

/* Begin PBXContainerItemProxy section */
		DB0B9D042163260700FC7C85 /* PBXContainerItemProxy */ = {
			isa = PBXContainerItemProxy;
			containerPortal = DB0B9CE72163260600FC7C85 /* Project object */;
			proxyType = 1;
			remoteGlobalIDString = DB0B9CEE2163260600FC7C85;
			remoteInfo = ParseChat;
		};
		DB0B9D0F2163260700FC7C85 /* PBXContainerItemProxy */ = {
			isa = PBXContainerItemProxy;
			containerPortal = DB0B9CE72163260600FC7C85 /* Project object */;
			proxyType = 1;
			remoteGlobalIDString = DB0B9CEE2163260600FC7C85;
			remoteInfo = ParseChat;
		};
/* End PBXContainerItemProxy section */

/* Begin PBXFileReference section */
		19019C3903C81C3A367A094D /* Pods_ParseChat.framework */ = {isa = PBXFileReference; explicitFileType = wrapper.framework; includeInIndex = 0; path = Pods_ParseChat.framework; sourceTree = BUILT_PRODUCTS_DIR; };
		28D35054A72FD83A0A54E2B3 /* Pods-ParseChat.release.xcconfig */ = {isa = PBXFileReference; includeInIndex = 1; lastKnownFileType = text.xcconfig; name = "Pods-ParseChat.release.xcconfig"; path = "Pods/Target Support Files/Pods-ParseChat/Pods-ParseChat.release.xcconfig"; sourceTree = "<group>"; };
		3C7C937B77A6E5E7C0FFA7A6 /* Pods-ParseChatUITests.debug.xcconfig */ = {isa = PBXFileReference; includeInIndex = 1; lastKnownFileType = text.xcconfig; name = "Pods-ParseChatUITests.debug.xcconfig"; path = "Pods/Target Support Files/Pods-ParseChatUITests/Pods-ParseChatUITests.debug.xcconfig"; sourceTree = "<group>"; };
		446AAADDE09590ED93A709A7 /* Pods_ParseChatTests.framework */ = {isa = PBXFileReference; explicitFileType = wrapper.framework; includeInIndex = 0; path = Pods_ParseChatTests.framework; sourceTree = BUILT_PRODUCTS_DIR; };
		587D71E54A8D94DF380B323A /* Pods_ParseChatUITests.framework */ = {isa = PBXFileReference; explicitFileType = wrapper.framework; includeInIndex = 0; path = Pods_ParseChatUITests.framework; sourceTree = BUILT_PRODUCTS_DIR; };
		79C2BF3E52945CB1606539F5 /* Pods-ParseChatUITests.release.xcconfig */ = {isa = PBXFileReference; includeInIndex = 1; lastKnownFileType = text.xcconfig; name = "Pods-ParseChatUITests.release.xcconfig"; path = "Pods/Target Support Files/Pods-ParseChatUITests/Pods-ParseChatUITests.release.xcconfig"; sourceTree = "<group>"; };
		9D674CCC9ED2A0241B1E2345 /* Pods-ParseChat.debug.xcconfig */ = {isa = PBXFileReference; includeInIndex = 1; lastKnownFileType = text.xcconfig; name = "Pods-ParseChat.debug.xcconfig"; path = "Pods/Target Support Files/Pods-ParseChat/Pods-ParseChat.debug.xcconfig"; sourceTree = "<group>"; };
		AC3C1EFC0C257E2E36290989 /* Pods-ParseChatTests.release.xcconfig */ = {isa = PBXFileReference; includeInIndex = 1; lastKnownFileType = text.xcconfig; name = "Pods-ParseChatTests.release.xcconfig"; path = "Pods/Target Support Files/Pods-ParseChatTests/Pods-ParseChatTests.release.xcconfig"; sourceTree = "<group>"; };
		AD1D4FFD0FF5357EA0779FFD /* Pods-ParseChatTests.debug.xcconfig */ = {isa = PBXFileReference; includeInIndex = 1; lastKnownFileType = text.xcconfig; name = "Pods-ParseChatTests.debug.xcconfig"; path = "Pods/Target Support Files/Pods-ParseChatTests/Pods-ParseChatTests.debug.xcconfig"; sourceTree = "<group>"; };
		DB0186382163280D00A2FFFC /* LoginViewController.swift */ = {isa = PBXFileReference; lastKnownFileType = sourcecode.swift; path = LoginViewController.swift; sourceTree = "<group>"; };
		DB0B9CEF2163260600FC7C85 /* ParseChat.app */ = {isa = PBXFileReference; explicitFileType = wrapper.application; includeInIndex = 0; path = ParseChat.app; sourceTree = BUILT_PRODUCTS_DIR; };
		DB0B9CF22163260600FC7C85 /* AppDelegate.swift */ = {isa = PBXFileReference; lastKnownFileType = sourcecode.swift; path = AppDelegate.swift; sourceTree = "<group>"; };
		DB0B9CF42163260600FC7C85 /* ViewController.swift */ = {isa = PBXFileReference; lastKnownFileType = sourcecode.swift; path = ViewController.swift; sourceTree = "<group>"; };
		DB0B9CF72163260600FC7C85 /* Base */ = {isa = PBXFileReference; lastKnownFileType = file.storyboard; name = Base; path = Base.lproj/Main.storyboard; sourceTree = "<group>"; };
		DB0B9CF92163260700FC7C85 /* Assets.xcassets */ = {isa = PBXFileReference; lastKnownFileType = folder.assetcatalog; path = Assets.xcassets; sourceTree = "<group>"; };
		DB0B9CFC2163260700FC7C85 /* Base */ = {isa = PBXFileReference; lastKnownFileType = file.storyboard; name = Base; path = Base.lproj/LaunchScreen.storyboard; sourceTree = "<group>"; };
		DB0B9CFE2163260700FC7C85 /* Info.plist */ = {isa = PBXFileReference; lastKnownFileType = text.plist.xml; path = Info.plist; sourceTree = "<group>"; };
		DB0B9D032163260700FC7C85 /* ParseChatTests.xctest */ = {isa = PBXFileReference; explicitFileType = wrapper.cfbundle; includeInIndex = 0; path = ParseChatTests.xctest; sourceTree = BUILT_PRODUCTS_DIR; };
		DB0B9D072163260700FC7C85 /* ParseChatTests.swift */ = {isa = PBXFileReference; lastKnownFileType = sourcecode.swift; path = ParseChatTests.swift; sourceTree = "<group>"; };
		DB0B9D092163260700FC7C85 /* Info.plist */ = {isa = PBXFileReference; lastKnownFileType = text.plist.xml; path = Info.plist; sourceTree = "<group>"; };
		DB0B9D0E2163260700FC7C85 /* ParseChatUITests.xctest */ = {isa = PBXFileReference; explicitFileType = wrapper.cfbundle; includeInIndex = 0; path = ParseChatUITests.xctest; sourceTree = BUILT_PRODUCTS_DIR; };
		DB0B9D122163260700FC7C85 /* ParseChatUITests.swift */ = {isa = PBXFileReference; lastKnownFileType = sourcecode.swift; path = ParseChatUITests.swift; sourceTree = "<group>"; };
		DB0B9D142163260700FC7C85 /* Info.plist */ = {isa = PBXFileReference; lastKnownFileType = text.plist.xml; path = Info.plist; sourceTree = "<group>"; };
/* End PBXFileReference section */

/* Begin PBXFrameworksBuildPhase section */
		DB0B9CEC2163260600FC7C85 /* Frameworks */ = {
			isa = PBXFrameworksBuildPhase;
			buildActionMask = 2147483647;
			files = (
				3B88A6B6BE5F3A85FCCD9A9F /* Pods_ParseChat.framework in Frameworks */,
			);
			runOnlyForDeploymentPostprocessing = 0;
		};
		DB0B9D002163260700FC7C85 /* Frameworks */ = {
			isa = PBXFrameworksBuildPhase;
			buildActionMask = 2147483647;
			files = (
				E3DB92422EF4782603F4C285 /* Pods_ParseChatTests.framework in Frameworks */,
			);
			runOnlyForDeploymentPostprocessing = 0;
		};
		DB0B9D0B2163260700FC7C85 /* Frameworks */ = {
			isa = PBXFrameworksBuildPhase;
			buildActionMask = 2147483647;
			files = (
				124308B3706A758BEC58A3D7 /* Pods_ParseChatUITests.framework in Frameworks */,
			);
			runOnlyForDeploymentPostprocessing = 0;
		};
/* End PBXFrameworksBuildPhase section */

/* Begin PBXGroup section */
		4EF461FB4B41A6A086EB349B /* Pods */ = {
			isa = PBXGroup;
			children = (
				9D674CCC9ED2A0241B1E2345 /* Pods-ParseChat.debug.xcconfig */,
				28D35054A72FD83A0A54E2B3 /* Pods-ParseChat.release.xcconfig */,
				AD1D4FFD0FF5357EA0779FFD /* Pods-ParseChatTests.debug.xcconfig */,
				AC3C1EFC0C257E2E36290989 /* Pods-ParseChatTests.release.xcconfig */,
				3C7C937B77A6E5E7C0FFA7A6 /* Pods-ParseChatUITests.debug.xcconfig */,
				79C2BF3E52945CB1606539F5 /* Pods-ParseChatUITests.release.xcconfig */,
			);
			name = Pods;
			sourceTree = "<group>";
		};
		DB0B9CE62163260600FC7C85 = {
			isa = PBXGroup;
			children = (
				DB0B9CF12163260600FC7C85 /* ParseChat */,
				DB0B9D062163260700FC7C85 /* ParseChatTests */,
				DB0B9D112163260700FC7C85 /* ParseChatUITests */,
				DB0B9CF02163260600FC7C85 /* Products */,
				4EF461FB4B41A6A086EB349B /* Pods */,
				F8EF2CB756AAE8474B7B128B /* Frameworks */,
			);
			sourceTree = "<group>";
		};
		DB0B9CF02163260600FC7C85 /* Products */ = {
			isa = PBXGroup;
			children = (
				DB0B9CEF2163260600FC7C85 /* ParseChat.app */,
				DB0B9D032163260700FC7C85 /* ParseChatTests.xctest */,
				DB0B9D0E2163260700FC7C85 /* ParseChatUITests.xctest */,
			);
			name = Products;
			sourceTree = "<group>";
		};
		DB0B9CF12163260600FC7C85 /* ParseChat */ = {
			isa = PBXGroup;
			children = (
				DB0B9CF22163260600FC7C85 /* AppDelegate.swift */,
				DB0B9CF42163260600FC7C85 /* ViewController.swift */,
				DB0B9CF62163260600FC7C85 /* Main.storyboard */,
				DB0B9CF92163260700FC7C85 /* Assets.xcassets */,
				DB0B9CFB2163260700FC7C85 /* LaunchScreen.storyboard */,
				DB0B9CFE2163260700FC7C85 /* Info.plist */,
				DB0186382163280D00A2FFFC /* LoginViewController.swift */,
			);
			path = ParseChat;
			sourceTree = "<group>";
		};
		DB0B9D062163260700FC7C85 /* ParseChatTests */ = {
			isa = PBXGroup;
			children = (
				DB0B9D072163260700FC7C85 /* ParseChatTests.swift */,
				DB0B9D092163260700FC7C85 /* Info.plist */,
			);
			path = ParseChatTests;
			sourceTree = "<group>";
		};
		DB0B9D112163260700FC7C85 /* ParseChatUITests */ = {
			isa = PBXGroup;
			children = (
				DB0B9D122163260700FC7C85 /* ParseChatUITests.swift */,
				DB0B9D142163260700FC7C85 /* Info.plist */,
			);
			path = ParseChatUITests;
			sourceTree = "<group>";
		};
		F8EF2CB756AAE8474B7B128B /* Frameworks */ = {
			isa = PBXGroup;
			children = (
				19019C3903C81C3A367A094D /* Pods_ParseChat.framework */,
				446AAADDE09590ED93A709A7 /* Pods_ParseChatTests.framework */,
				587D71E54A8D94DF380B323A /* Pods_ParseChatUITests.framework */,
			);
			name = Frameworks;
			sourceTree = "<group>";
		};
/* End PBXGroup section */

/* Begin PBXNativeTarget section */
		DB0B9CEE2163260600FC7C85 /* ParseChat */ = {
			isa = PBXNativeTarget;
			buildConfigurationList = DB0B9D172163260700FC7C85 /* Build configuration list for PBXNativeTarget "ParseChat" */;
			buildPhases = (
				2326F27E7BF1CADDC554F356 /* [CP] Check Pods Manifest.lock */,
				DB0B9CEB2163260600FC7C85 /* Sources */,
				DB0B9CEC2163260600FC7C85 /* Frameworks */,
				DB0B9CED2163260600FC7C85 /* Resources */,
				A0347DB61CBDC5FF8EA730CB /* [CP] Embed Pods Frameworks */,
			);
			buildRules = (
			);
			dependencies = (
			);
			name = ParseChat;
			productName = ParseChat;
			productReference = DB0B9CEF2163260600FC7C85 /* ParseChat.app */;
			productType = "com.apple.product-type.application";
		};
		DB0B9D022163260700FC7C85 /* ParseChatTests */ = {
			isa = PBXNativeTarget;
			buildConfigurationList = DB0B9D1A2163260700FC7C85 /* Build configuration list for PBXNativeTarget "ParseChatTests" */;
			buildPhases = (
				B7CA8BEB9BD7EE1753E0F555 /* [CP] Check Pods Manifest.lock */,
				DB0B9CFF2163260700FC7C85 /* Sources */,
				DB0B9D002163260700FC7C85 /* Frameworks */,
				DB0B9D012163260700FC7C85 /* Resources */,
			);
			buildRules = (
			);
			dependencies = (
				DB0B9D052163260700FC7C85 /* PBXTargetDependency */,
			);
			name = ParseChatTests;
			productName = ParseChatTests;
			productReference = DB0B9D032163260700FC7C85 /* ParseChatTests.xctest */;
			productType = "com.apple.product-type.bundle.unit-test";
		};
		DB0B9D0D2163260700FC7C85 /* ParseChatUITests */ = {
			isa = PBXNativeTarget;
			buildConfigurationList = DB0B9D1D2163260700FC7C85 /* Build configuration list for PBXNativeTarget "ParseChatUITests" */;
			buildPhases = (
				94F4887FBD7C274AE337C13E /* [CP] Check Pods Manifest.lock */,
				DB0B9D0A2163260700FC7C85 /* Sources */,
				DB0B9D0B2163260700FC7C85 /* Frameworks */,
				DB0B9D0C2163260700FC7C85 /* Resources */,
			);
			buildRules = (
			);
			dependencies = (
				DB0B9D102163260700FC7C85 /* PBXTargetDependency */,
			);
			name = ParseChatUITests;
			productName = ParseChatUITests;
			productReference = DB0B9D0E2163260700FC7C85 /* ParseChatUITests.xctest */;
			productType = "com.apple.product-type.bundle.ui-testing";
		};
/* End PBXNativeTarget section */

/* Begin PBXProject section */
		DB0B9CE72163260600FC7C85 /* Project object */ = {
			isa = PBXProject;
			attributes = {
				LastSwiftUpdateCheck = 1000;
				LastUpgradeCheck = 1000;
				ORGANIZATIONNAME = "Cesar Gutierrez";
				TargetAttributes = {
					DB0B9CEE2163260600FC7C85 = {
						CreatedOnToolsVersion = 10.0;
					};
					DB0B9D022163260700FC7C85 = {
						CreatedOnToolsVersion = 10.0;
						TestTargetID = DB0B9CEE2163260600FC7C85;
					};
					DB0B9D0D2163260700FC7C85 = {
						CreatedOnToolsVersion = 10.0;
						TestTargetID = DB0B9CEE2163260600FC7C85;
					};
				};
			};
			buildConfigurationList = DB0B9CEA2163260600FC7C85 /* Build configuration list for PBXProject "ParseChat" */;
			compatibilityVersion = "Xcode 9.3";
			developmentRegion = en;
			hasScannedForEncodings = 0;
			knownRegions = (
				en,
				Base,
			);
			mainGroup = DB0B9CE62163260600FC7C85;
			productRefGroup = DB0B9CF02163260600FC7C85 /* Products */;
			projectDirPath = "";
			projectRoot = "";
			targets = (
				DB0B9CEE2163260600FC7C85 /* ParseChat */,
				DB0B9D022163260700FC7C85 /* ParseChatTests */,
				DB0B9D0D2163260700FC7C85 /* ParseChatUITests */,
			);
		};
/* End PBXProject section */

/* Begin PBXResourcesBuildPhase section */
		DB0B9CED2163260600FC7C85 /* Resources */ = {
			isa = PBXResourcesBuildPhase;
			buildActionMask = 2147483647;
			files = (
				DB0B9CFD2163260700FC7C85 /* LaunchScreen.storyboard in Resources */,
				DB0B9CFA2163260700FC7C85 /* Assets.xcassets in Resources */,
				DB0B9CF82163260600FC7C85 /* Main.storyboard in Resources */,
			);
			runOnlyForDeploymentPostprocessing = 0;
		};
		DB0B9D012163260700FC7C85 /* Resources */ = {
			isa = PBXResourcesBuildPhase;
			buildActionMask = 2147483647;
			files = (
			);
			runOnlyForDeploymentPostprocessing = 0;
		};
		DB0B9D0C2163260700FC7C85 /* Resources */ = {
			isa = PBXResourcesBuildPhase;
			buildActionMask = 2147483647;
			files = (
			);
			runOnlyForDeploymentPostprocessing = 0;
		};
/* End PBXResourcesBuildPhase section */

/* Begin PBXShellScriptBuildPhase section */
		2326F27E7BF1CADDC554F356 /* [CP] Check Pods Manifest.lock */ = {
			isa = PBXShellScriptBuildPhase;
			buildActionMask = 2147483647;
			files = (
			);
			inputFileListPaths = (
			);
			inputPaths = (
				"${PODS_PODFILE_DIR_PATH}/Podfile.lock",
				"${PODS_ROOT}/Manifest.lock",
			);
			name = "[CP] Check Pods Manifest.lock";
			outputFileListPaths = (
			);
			outputPaths = (
				"$(DERIVED_FILE_DIR)/Pods-ParseChat-checkManifestLockResult.txt",
			);
			runOnlyForDeploymentPostprocessing = 0;
			shellPath = /bin/sh;
			shellScript = "diff \"${PODS_PODFILE_DIR_PATH}/Podfile.lock\" \"${PODS_ROOT}/Manifest.lock\" > /dev/null\nif [ $? != 0 ] ; then\n    # print error to STDERR\n    echo \"error: The sandbox is not in sync with the Podfile.lock. Run 'pod install' or update your CocoaPods installation.\" >&2\n    exit 1\nfi\n# This output is used by Xcode 'outputs' to avoid re-running this script phase.\necho \"SUCCESS\" > \"${SCRIPT_OUTPUT_FILE_0}\"\n";
			showEnvVarsInLog = 0;
		};
		94F4887FBD7C274AE337C13E /* [CP] Check Pods Manifest.lock */ = {
			isa = PBXShellScriptBuildPhase;
			buildActionMask = 2147483647;
			files = (
			);
			inputFileListPaths = (
			);
			inputPaths = (
				"${PODS_PODFILE_DIR_PATH}/Podfile.lock",
				"${PODS_ROOT}/Manifest.lock",
			);
			name = "[CP] Check Pods Manifest.lock";
			outputFileListPaths = (
			);
			outputPaths = (
				"$(DERIVED_FILE_DIR)/Pods-ParseChatUITests-checkManifestLockResult.txt",
			);
			runOnlyForDeploymentPostprocessing = 0;
			shellPath = /bin/sh;
			shellScript = "diff \"${PODS_PODFILE_DIR_PATH}/Podfile.lock\" \"${PODS_ROOT}/Manifest.lock\" > /dev/null\nif [ $? != 0 ] ; then\n    # print error to STDERR\n    echo \"error: The sandbox is not in sync with the Podfile.lock. Run 'pod install' or update your CocoaPods installation.\" >&2\n    exit 1\nfi\n# This output is used by Xcode 'outputs' to avoid re-running this script phase.\necho \"SUCCESS\" > \"${SCRIPT_OUTPUT_FILE_0}\"\n";
			showEnvVarsInLog = 0;
		};
		A0347DB61CBDC5FF8EA730CB /* [CP] Embed Pods Frameworks */ = {
			isa = PBXShellScriptBuildPhase;
			buildActionMask = 2147483647;
			files = (
			);
			inputFileListPaths = (
			);
			inputPaths = (
				"${SRCROOT}/Pods/Target Support Files/Pods-ParseChat/Pods-ParseChat-frameworks.sh",
				"${BUILT_PRODUCTS_DIR}/Bolts/Bolts.framework",
				"${BUILT_PRODUCTS_DIR}/Parse/Parse.framework",
			);
			name = "[CP] Embed Pods Frameworks";
			outputFileListPaths = (
			);
			outputPaths = (
				"${TARGET_BUILD_DIR}/${FRAMEWORKS_FOLDER_PATH}/Bolts.framework",
				"${TARGET_BUILD_DIR}/${FRAMEWORKS_FOLDER_PATH}/Parse.framework",
			);
			runOnlyForDeploymentPostprocessing = 0;
			shellPath = /bin/sh;
			shellScript = "\"${SRCROOT}/Pods/Target Support Files/Pods-ParseChat/Pods-ParseChat-frameworks.sh\"\n";
			showEnvVarsInLog = 0;
		};
		B7CA8BEB9BD7EE1753E0F555 /* [CP] Check Pods Manifest.lock */ = {
			isa = PBXShellScriptBuildPhase;
			buildActionMask = 2147483647;
			files = (
			);
			inputFileListPaths = (
			);
			inputPaths = (
				"${PODS_PODFILE_DIR_PATH}/Podfile.lock",
				"${PODS_ROOT}/Manifest.lock",
			);
			name = "[CP] Check Pods Manifest.lock";
			outputFileListPaths = (
			);
			outputPaths = (
				"$(DERIVED_FILE_DIR)/Pods-ParseChatTests-checkManifestLockResult.txt",
			);
			runOnlyForDeploymentPostprocessing = 0;
			shellPath = /bin/sh;
			shellScript = "diff \"${PODS_PODFILE_DIR_PATH}/Podfile.lock\" \"${PODS_ROOT}/Manifest.lock\" > /dev/null\nif [ $? != 0 ] ; then\n    # print error to STDERR\n    echo \"error: The sandbox is not in sync with the Podfile.lock. Run 'pod install' or update your CocoaPods installation.\" >&2\n    exit 1\nfi\n# This output is used by Xcode 'outputs' to avoid re-running this script phase.\necho \"SUCCESS\" > \"${SCRIPT_OUTPUT_FILE_0}\"\n";
			showEnvVarsInLog = 0;
		};
/* End PBXShellScriptBuildPhase section */

/* Begin PBXSourcesBuildPhase section */
		DB0B9CEB2163260600FC7C85 /* Sources */ = {
			isa = PBXSourcesBuildPhase;
			buildActionMask = 2147483647;
			files = (
				DB0186392163280D00A2FFFC /* LoginViewController.swift in Sources */,
				DB0B9CF52163260600FC7C85 /* ViewController.swift in Sources */,
				DB0B9CF32163260600FC7C85 /* AppDelegate.swift in Sources */,
			);
			runOnlyForDeploymentPostprocessing = 0;
		};
		DB0B9CFF2163260700FC7C85 /* Sources */ = {
			isa = PBXSourcesBuildPhase;
			buildActionMask = 2147483647;
			files = (
				DB0B9D082163260700FC7C85 /* ParseChatTests.swift in Sources */,
			);
			runOnlyForDeploymentPostprocessing = 0;
		};
		DB0B9D0A2163260700FC7C85 /* Sources */ = {
			isa = PBXSourcesBuildPhase;
			buildActionMask = 2147483647;
			files = (
				DB0B9D132163260700FC7C85 /* ParseChatUITests.swift in Sources */,
			);
			runOnlyForDeploymentPostprocessing = 0;
		};
/* End PBXSourcesBuildPhase section */

/* Begin PBXTargetDependency section */
		DB0B9D052163260700FC7C85 /* PBXTargetDependency */ = {
			isa = PBXTargetDependency;
			target = DB0B9CEE2163260600FC7C85 /* ParseChat */;
			targetProxy = DB0B9D042163260700FC7C85 /* PBXContainerItemProxy */;
		};
		DB0B9D102163260700FC7C85 /* PBXTargetDependency */ = {
			isa = PBXTargetDependency;
			target = DB0B9CEE2163260600FC7C85 /* ParseChat */;
			targetProxy = DB0B9D0F2163260700FC7C85 /* PBXContainerItemProxy */;
		};
/* End PBXTargetDependency section */

/* Begin PBXVariantGroup section */
		DB0B9CF62163260600FC7C85 /* Main.storyboard */ = {
			isa = PBXVariantGroup;
			children = (
				DB0B9CF72163260600FC7C85 /* Base */,
			);
			name = Main.storyboard;
			sourceTree = "<group>";
		};
		DB0B9CFB2163260700FC7C85 /* LaunchScreen.storyboard */ = {
			isa = PBXVariantGroup;
			children = (
				DB0B9CFC2163260700FC7C85 /* Base */,
			);
			name = LaunchScreen.storyboard;
			sourceTree = "<group>";
		};
/* End PBXVariantGroup section */

/* Begin XCBuildConfiguration section */
		DB0B9D152163260700FC7C85 /* Debug */ = {
			isa = XCBuildConfiguration;
			buildSettings = {
				ALWAYS_SEARCH_USER_PATHS = NO;
				CLANG_ANALYZER_NONNULL = YES;
				CLANG_ANALYZER_NUMBER_OBJECT_CONVERSION = YES_AGGRESSIVE;
				CLANG_CXX_LANGUAGE_STANDARD = "gnu++14";
				CLANG_CXX_LIBRARY = "libc++";
				CLANG_ENABLE_MODULES = YES;
				CLANG_ENABLE_OBJC_ARC = YES;
				CLANG_ENABLE_OBJC_WEAK = YES;
				CLANG_WARN_BLOCK_CAPTURE_AUTORELEASING = YES;
				CLANG_WARN_BOOL_CONVERSION = YES;
				CLANG_WARN_COMMA = YES;
				CLANG_WARN_CONSTANT_CONVERSION = YES;
				CLANG_WARN_DEPRECATED_OBJC_IMPLEMENTATIONS = YES;
				CLANG_WARN_DIRECT_OBJC_ISA_USAGE = YES_ERROR;
				CLANG_WARN_DOCUMENTATION_COMMENTS = YES;
				CLANG_WARN_EMPTY_BODY = YES;
				CLANG_WARN_ENUM_CONVERSION = YES;
				CLANG_WARN_INFINITE_RECURSION = YES;
				CLANG_WARN_INT_CONVERSION = YES;
				CLANG_WARN_NON_LITERAL_NULL_CONVERSION = YES;
				CLANG_WARN_OBJC_IMPLICIT_RETAIN_SELF = YES;
				CLANG_WARN_OBJC_LITERAL_CONVERSION = YES;
				CLANG_WARN_OBJC_ROOT_CLASS = YES_ERROR;
				CLANG_WARN_RANGE_LOOP_ANALYSIS = YES;
				CLANG_WARN_STRICT_PROTOTYPES = YES;
				CLANG_WARN_SUSPICIOUS_MOVE = YES;
				CLANG_WARN_UNGUARDED_AVAILABILITY = YES_AGGRESSIVE;
				CLANG_WARN_UNREACHABLE_CODE = YES;
				CLANG_WARN__DUPLICATE_METHOD_MATCH = YES;
				CODE_SIGN_IDENTITY = "iPhone Developer";
				COPY_PHASE_STRIP = NO;
				DEBUG_INFORMATION_FORMAT = dwarf;
				ENABLE_STRICT_OBJC_MSGSEND = YES;
				ENABLE_TESTABILITY = YES;
				GCC_C_LANGUAGE_STANDARD = gnu11;
				GCC_DYNAMIC_NO_PIC = NO;
				GCC_NO_COMMON_BLOCKS = YES;
				GCC_OPTIMIZATION_LEVEL = 0;
				GCC_PREPROCESSOR_DEFINITIONS = (
					"DEBUG=1",
					"$(inherited)",
				);
				GCC_WARN_64_TO_32_BIT_CONVERSION = YES;
				GCC_WARN_ABOUT_RETURN_TYPE = YES_ERROR;
				GCC_WARN_UNDECLARED_SELECTOR = YES;
				GCC_WARN_UNINITIALIZED_AUTOS = YES_AGGRESSIVE;
				GCC_WARN_UNUSED_FUNCTION = YES;
				GCC_WARN_UNUSED_VARIABLE = YES;
				IPHONEOS_DEPLOYMENT_TARGET = 12.0;
				MTL_ENABLE_DEBUG_INFO = INCLUDE_SOURCE;
				MTL_FAST_MATH = YES;
				ONLY_ACTIVE_ARCH = YES;
				SDKROOT = iphoneos;
				SWIFT_ACTIVE_COMPILATION_CONDITIONS = DEBUG;
				SWIFT_OPTIMIZATION_LEVEL = "-Onone";
			};
			name = Debug;
		};
		DB0B9D162163260700FC7C85 /* Release */ = {
			isa = XCBuildConfiguration;
			buildSettings = {
				ALWAYS_SEARCH_USER_PATHS = NO;
				CLANG_ANALYZER_NONNULL = YES;
				CLANG_ANALYZER_NUMBER_OBJECT_CONVERSION = YES_AGGRESSIVE;
				CLANG_CXX_LANGUAGE_STANDARD = "gnu++14";
				CLANG_CXX_LIBRARY = "libc++";
				CLANG_ENABLE_MODULES = YES;
				CLANG_ENABLE_OBJC_ARC = YES;
				CLANG_ENABLE_OBJC_WEAK = YES;
				CLANG_WARN_BLOCK_CAPTURE_AUTORELEASING = YES;
				CLANG_WARN_BOOL_CONVERSION = YES;
				CLANG_WARN_COMMA = YES;
				CLANG_WARN_CONSTANT_CONVERSION = YES;
				CLANG_WARN_DEPRECATED_OBJC_IMPLEMENTATIONS = YES;
				CLANG_WARN_DIRECT_OBJC_ISA_USAGE = YES_ERROR;
				CLANG_WARN_DOCUMENTATION_COMMENTS = YES;
				CLANG_WARN_EMPTY_BODY = YES;
				CLANG_WARN_ENUM_CONVERSION = YES;
				CLANG_WARN_INFINITE_RECURSION = YES;
				CLANG_WARN_INT_CONVERSION = YES;
				CLANG_WARN_NON_LITERAL_NULL_CONVERSION = YES;
				CLANG_WARN_OBJC_IMPLICIT_RETAIN_SELF = YES;
				CLANG_WARN_OBJC_LITERAL_CONVERSION = YES;
				CLANG_WARN_OBJC_ROOT_CLASS = YES_ERROR;
				CLANG_WARN_RANGE_LOOP_ANALYSIS = YES;
				CLANG_WARN_STRICT_PROTOTYPES = YES;
				CLANG_WARN_SUSPICIOUS_MOVE = YES;
				CLANG_WARN_UNGUARDED_AVAILABILITY = YES_AGGRESSIVE;
				CLANG_WARN_UNREACHABLE_CODE = YES;
				CLANG_WARN__DUPLICATE_METHOD_MATCH = YES;
				CODE_SIGN_IDENTITY = "iPhone Developer";
				COPY_PHASE_STRIP = NO;
				DEBUG_INFORMATION_FORMAT = "dwarf-with-dsym";
				ENABLE_NS_ASSERTIONS = NO;
				ENABLE_STRICT_OBJC_MSGSEND = YES;
				GCC_C_LANGUAGE_STANDARD = gnu11;
				GCC_NO_COMMON_BLOCKS = YES;
				GCC_WARN_64_TO_32_BIT_CONVERSION = YES;
				GCC_WARN_ABOUT_RETURN_TYPE = YES_ERROR;
				GCC_WARN_UNDECLARED_SELECTOR = YES;
				GCC_WARN_UNINITIALIZED_AUTOS = YES_AGGRESSIVE;
				GCC_WARN_UNUSED_FUNCTION = YES;
				GCC_WARN_UNUSED_VARIABLE = YES;
				IPHONEOS_DEPLOYMENT_TARGET = 12.0;
				MTL_ENABLE_DEBUG_INFO = NO;
				MTL_FAST_MATH = YES;
				SDKROOT = iphoneos;
				SWIFT_COMPILATION_MODE = wholemodule;
				SWIFT_OPTIMIZATION_LEVEL = "-O";
				VALIDATE_PRODUCT = YES;
			};
			name = Release;
		};
		DB0B9D182163260700FC7C85 /* Debug */ = {
			isa = XCBuildConfiguration;
			baseConfigurationReference = 9D674CCC9ED2A0241B1E2345 /* Pods-ParseChat.debug.xcconfig */;
			buildSettings = {
				ASSETCATALOG_COMPILER_APPICON_NAME = AppIcon;
				CODE_SIGN_STYLE = Automatic;
				INFOPLIST_FILE = ParseChat/Info.plist;
				LD_RUNPATH_SEARCH_PATHS = (
					"$(inherited)",
					"@executable_path/Frameworks",
				);
				PRODUCT_BUNDLE_IDENTIFIER = com.codepath.ParseChat;
				PRODUCT_NAME = "$(TARGET_NAME)";
				SWIFT_VERSION = 4.2;
				TARGETED_DEVICE_FAMILY = "1,2";
			};
			name = Debug;
		};
		DB0B9D192163260700FC7C85 /* Release */ = {
			isa = XCBuildConfiguration;
			baseConfigurationReference = 28D35054A72FD83A0A54E2B3 /* Pods-ParseChat.release.xcconfig */;
			buildSettings = {
				ASSETCATALOG_COMPILER_APPICON_NAME = AppIcon;
				CODE_SIGN_STYLE = Automatic;
				INFOPLIST_FILE = ParseChat/Info.plist;
				LD_RUNPATH_SEARCH_PATHS = (
					"$(inherited)",
					"@executable_path/Frameworks",
				);
				PRODUCT_BUNDLE_IDENTIFIER = com.codepath.ParseChat;
				PRODUCT_NAME = "$(TARGET_NAME)";
				SWIFT_VERSION = 4.2;
				TARGETED_DEVICE_FAMILY = "1,2";
			};
			name = Release;
		};
		DB0B9D1B2163260700FC7C85 /* Debug */ = {
			isa = XCBuildConfiguration;
			baseConfigurationReference = AD1D4FFD0FF5357EA0779FFD /* Pods-ParseChatTests.debug.xcconfig */;
			buildSettings = {
				ALWAYS_EMBED_SWIFT_STANDARD_LIBRARIES = YES;
				BUNDLE_LOADER = "$(TEST_HOST)";
				CODE_SIGN_STYLE = Automatic;
				INFOPLIST_FILE = ParseChatTests/Info.plist;
				LD_RUNPATH_SEARCH_PATHS = (
					"$(inherited)",
					"@executable_path/Frameworks",
					"@loader_path/Frameworks",
				);
				PRODUCT_BUNDLE_IDENTIFIER = com.codepath.ParseChatTests;
				PRODUCT_NAME = "$(TARGET_NAME)";
				SWIFT_VERSION = 4.2;
				TARGETED_DEVICE_FAMILY = "1,2";
				TEST_HOST = "$(BUILT_PRODUCTS_DIR)/ParseChat.app/ParseChat";
			};
			name = Debug;
		};
		DB0B9D1C2163260700FC7C85 /* Release */ = {
			isa = XCBuildConfiguration;
			baseConfigurationReference = AC3C1EFC0C257E2E36290989 /* Pods-ParseChatTests.release.xcconfig */;
			buildSettings = {
				ALWAYS_EMBED_SWIFT_STANDARD_LIBRARIES = YES;
				BUNDLE_LOADER = "$(TEST_HOST)";
				CODE_SIGN_STYLE = Automatic;
				INFOPLIST_FILE = ParseChatTests/Info.plist;
				LD_RUNPATH_SEARCH_PATHS = (
					"$(inherited)",
					"@executable_path/Frameworks",
					"@loader_path/Frameworks",
				);
				PRODUCT_BUNDLE_IDENTIFIER = com.codepath.ParseChatTests;
				PRODUCT_NAME = "$(TARGET_NAME)";
				SWIFT_VERSION = 4.2;
				TARGETED_DEVICE_FAMILY = "1,2";
				TEST_HOST = "$(BUILT_PRODUCTS_DIR)/ParseChat.app/ParseChat";
			};
			name = Release;
		};
		DB0B9D1E2163260700FC7C85 /* Debug */ = {
			isa = XCBuildConfiguration;
			baseConfigurationReference = 3C7C937B77A6E5E7C0FFA7A6 /* Pods-ParseChatUITests.debug.xcconfig */;
			buildSettings = {
				ALWAYS_EMBED_SWIFT_STANDARD_LIBRARIES = YES;
				CODE_SIGN_STYLE = Automatic;
				INFOPLIST_FILE = ParseChatUITests/Info.plist;
				LD_RUNPATH_SEARCH_PATHS = (
					"$(inherited)",
					"@executable_path/Frameworks",
					"@loader_path/Frameworks",
				);
				PRODUCT_BUNDLE_IDENTIFIER = com.codepath.ParseChatUITests;
				PRODUCT_NAME = "$(TARGET_NAME)";
				SWIFT_VERSION = 4.2;
				TARGETED_DEVICE_FAMILY = "1,2";
				TEST_TARGET_NAME = ParseChat;
			};
			name = Debug;
		};
		DB0B9D1F2163260700FC7C85 /* Release */ = {
			isa = XCBuildConfiguration;
			baseConfigurationReference = 79C2BF3E52945CB1606539F5 /* Pods-ParseChatUITests.release.xcconfig */;
			buildSettings = {
				ALWAYS_EMBED_SWIFT_STANDARD_LIBRARIES = YES;
				CODE_SIGN_STYLE = Automatic;
				INFOPLIST_FILE = ParseChatUITests/Info.plist;
				LD_RUNPATH_SEARCH_PATHS = (
					"$(inherited)",
					"@executable_path/Frameworks",
					"@loader_path/Frameworks",
				);
				PRODUCT_BUNDLE_IDENTIFIER = com.codepath.ParseChatUITests;
				PRODUCT_NAME = "$(TARGET_NAME)";
				SWIFT_VERSION = 4.2;
				TARGETED_DEVICE_FAMILY = "1,2";
				TEST_TARGET_NAME = ParseChat;
			};
			name = Release;
		};
/* End XCBuildConfiguration section */

/* Begin XCConfigurationList section */
		DB0B9CEA2163260600FC7C85 /* Build configuration list for PBXProject "ParseChat" */ = {
			isa = XCConfigurationList;
			buildConfigurations = (
				DB0B9D152163260700FC7C85 /* Debug */,
				DB0B9D162163260700FC7C85 /* Release */,
			);
			defaultConfigurationIsVisible = 0;
			defaultConfigurationName = Release;
		};
		DB0B9D172163260700FC7C85 /* Build configuration list for PBXNativeTarget "ParseChat" */ = {
			isa = XCConfigurationList;
			buildConfigurations = (
				DB0B9D182163260700FC7C85 /* Debug */,
				DB0B9D192163260700FC7C85 /* Release */,
			);
			defaultConfigurationIsVisible = 0;
			defaultConfigurationName = Release;
		};
		DB0B9D1A2163260700FC7C85 /* Build configuration list for PBXNativeTarget "ParseChatTests" */ = {
			isa = XCConfigurationList;
			buildConfigurations = (
				DB0B9D1B2163260700FC7C85 /* Debug */,
				DB0B9D1C2163260700FC7C85 /* Release */,
			);
			defaultConfigurationIsVisible = 0;
			defaultConfigurationName = Release;
		};
		DB0B9D1D2163260700FC7C85 /* Build configuration list for PBXNativeTarget "ParseChatUITests" */ = {
			isa = XCConfigurationList;
			buildConfigurations = (
				DB0B9D1E2163260700FC7C85 /* Debug */,
				DB0B9D1F2163260700FC7C85 /* Release */,
			);
			defaultConfigurationIsVisible = 0;
			defaultConfigurationName = Release;
		};
/* End XCConfigurationList section */
	};
	rootObject = DB0B9CE72163260600FC7C85 /* Project object */;
}
